
Microsoft Visual Studio Solution File, Format Version 12.00
# Visual Studio Version 17
VisualStudioVersion = 17.0.31919.166
MinimumVisualStudioVersion = 10.0.40219.1
Project("{FAE04EC0-301F-11D3-BF4B-00C04F79EFBC}") = "global-exception-handling-types", "global-exception-handling-types\global-exception-handling-types.csproj", "{08DBCF45-A222-4475-9762-50ECE7CAC518}"
EndProject
Global
	GlobalSection(SolutionConfigurationPlatforms) = preSolution
		Debug|Any CPU = Debug|Any CPU
		Release|Any CPU = Release|Any CPU
	EndGlobalSection
	GlobalSection(ProjectConfigurationPlatforms) = postSolution
		{08DBCF45-A222-4475-9762-50ECE7CAC518}.Debug|Any CPU.ActiveCfg = Debug|Any CPU
		{08DBCF45-A222-4475-9762-50ECE7CAC518}.Debug|Any CPU.Build.0 = Debug|Any CPU
		{08DBCF45-A222-4475-9762-50ECE7CAC518}.Release|Any CPU.ActiveCfg = Release|Any CPU
		{08DBCF45-A222-4475-9762-50ECE7CAC518}.Release|Any CPU.Build.0 = Release|Any CPU
	EndGlobalSection
	GlobalSection(SolutionProperties) = preSolution
		HideSolutionNode = FALSE
	EndGlobalSection
	GlobalSection(ExtensibilityGlobals) = postSolution
		SolutionGuid = {05FEAF13-60BF-4CEF-9DD1-DD5583EBA3AF}
	EndGlobalSection
EndGlobal
